// !$*UTF8*$!
{
	archiveVersion = 1;
	classes = {
	};
	objectVersion = 56;
	objects = {

/* Begin PBXBuildFile section */
		4043B71E2B76D2C400FAC0C2 /* AppDelegate.swift in Sources */ = {isa = PBXBuildFile; fileRef = 4043B71D2B76D2C400FAC0C2 /* AppDelegate.swift */; };
		4043B7202B76D2C400FAC0C2 /* SceneDelegate.swift in Sources */ = {isa = PBXBuildFile; fileRef = 4043B71F2B76D2C400FAC0C2 /* SceneDelegate.swift */; };
		4043B7222B76D2C400FAC0C2 /* ViewController.swift in Sources */ = {isa = PBXBuildFile; fileRef = 4043B7212B76D2C400FAC0C2 /* ViewController.swift */; };
		4043B7252B76D2C400FAC0C2 /* Main.storyboard in Resources */ = {isa = PBXBuildFile; fileRef = 4043B7232B76D2C400FAC0C2 /* Main.storyboard */; };
		4043B7272B76D2C800FAC0C2 /* Assets.xcassets in Resources */ = {isa = PBXBuildFile; fileRef = 4043B7262B76D2C800FAC0C2 /* Assets.xcassets */; };
		4043B72A2B76D2C800FAC0C2 /* LaunchScreen.storyboard in Resources */ = {isa = PBXBuildFile; fileRef = 4043B7282B76D2C800FAC0C2 /* LaunchScreen.storyboard */; };
		4043B7352B76D2C800FAC0C2 /* Act3iosTests.swift in Sources */ = {isa = PBXBuildFile; fileRef = 4043B7342B76D2C800FAC0C2 /* Act3iosTests.swift */; };
		4043B73F2B76D2C800FAC0C2 /* Act3iosUITests.swift in Sources */ = {isa = PBXBuildFile; fileRef = 4043B73E2B76D2C800FAC0C2 /* Act3iosUITests.swift */; };
		4043B7412B76D2C800FAC0C2 /* Act3iosUITestsLaunchTests.swift in Sources */ = {isa = PBXBuildFile; fileRef = 4043B7402B76D2C800FAC0C2 /* Act3iosUITestsLaunchTests.swift */; };
		4043B74D2B76DF1800FAC0C2 /* ViewController.swift in Sources */ = {isa = PBXBuildFile; fileRef = 4043B7212B76D2C400FAC0C2 /* ViewController.swift */; };
		4043B74E2B76DF1800FAC0C2 /* ViewController.swift in Sources */ = {isa = PBXBuildFile; fileRef = 4043B7212B76D2C400FAC0C2 /* ViewController.swift */; };
/* End PBXBuildFile section */

/* Begin PBXContainerItemProxy section */
		4043B7312B76D2C800FAC0C2 /* PBXContainerItemProxy */ = {
			isa = PBXContainerItemProxy;
			containerPortal = 4043B7122B76D2C400FAC0C2 /* Project object */;
			proxyType = 1;
			remoteGlobalIDString = 4043B7192B76D2C400FAC0C2;
			remoteInfo = Act3ios;
		};
		4043B73B2B76D2C800FAC0C2 /* PBXContainerItemProxy */ = {
			isa = PBXContainerItemProxy;
			containerPortal = 4043B7122B76D2C400FAC0C2 /* Project object */;
			proxyType = 1;
			remoteGlobalIDString = 4043B7192B76D2C400FAC0C2;
			remoteInfo = Act3ios;
		};
/* End PBXContainerItemProxy section */

/* Begin PBXFileReference section */
		4043B71A2B76D2C400FAC0C2 /* Act3ios.app */ = {isa = PBXFileReference; explicitFileType = wrapper.application; includeInIndex = 0; path = Act3ios.app; sourceTree = BUILT_PRODUCTS_DIR; };
		4043B71D2B76D2C400FAC0C2 /* AppDelegate.swift */ = {isa = PBXFileReference; lastKnownFileType = sourcecode.swift; path = AppDelegate.swift; sourceTree = "<group>"; };
		4043B71F2B76D2C400FAC0C2 /* SceneDelegate.swift */ = {isa = PBXFileReference; lastKnownFileType = sourcecode.swift; path = SceneDelegate.swift; sourceTree = "<group>"; };
		4043B7212B76D2C400FAC0C2 /* ViewController.swift */ = {isa = PBXFileReference; lastKnownFileType = sourcecode.swift; path = ViewController.swift; sourceTree = "<group>"; };
		4043B7242B76D2C400FAC0C2 /* Base */ = {isa = PBXFileReference; lastKnownFileType = file.storyboard; name = Base; path = Base.lproj/Main.storyboard; sourceTree = "<group>"; };
		4043B7262B76D2C800FAC0C2 /* Assets.xcassets */ = {isa = PBXFileReference; lastKnownFileType = folder.assetcatalog; path = Assets.xcassets; sourceTree = "<group>"; };
		4043B7292B76D2C800FAC0C2 /* Base */ = {isa = PBXFileReference; lastKnownFileType = file.storyboard; name = Base; path = Base.lproj/LaunchScreen.storyboard; sourceTree = "<group>"; };
		4043B72B2B76D2C800FAC0C2 /* Info.plist */ = {isa = PBXFileReference; lastKnownFileType = text.plist.xml; path = Info.plist; sourceTree = "<group>"; };
		4043B7302B76D2C800FAC0C2 /* Act3iosTests.xctest */ = {isa = PBXFileReference; explicitFileType = wrapper.cfbundle; includeInIndex = 0; path = Act3iosTests.xctest; sourceTree = BUILT_PRODUCTS_DIR; };
		4043B7342B76D2C800FAC0C2 /* Act3iosTests.swift */ = {isa = PBXFileReference; lastKnownFileType = sourcecode.swift; path = Act3iosTests.swift; sourceTree = "<group>"; };
		4043B73A2B76D2C800FAC0C2 /* Act3iosUITests.xctest */ = {isa = PBXFileReference; explicitFileType = wrapper.cfbundle; includeInIndex = 0; path = Act3iosUITests.xctest; sourceTree = BUILT_PRODUCTS_DIR; };
		4043B73E2B76D2C800FAC0C2 /* Act3iosUITests.swift */ = {isa = PBXFileReference; lastKnownFileType = sourcecode.swift; path = Act3iosUITests.swift; sourceTree = "<group>"; };
		4043B7402B76D2C800FAC0C2 /* Act3iosUITestsLaunchTests.swift */ = {isa = PBXFileReference; lastKnownFileType = sourcecode.swift; path = Act3iosUITestsLaunchTests.swift; sourceTree = "<group>"; };
/* End PBXFileReference section */

/* Begin PBXFrameworksBuildPhase section */
		4043B7172B76D2C400FAC0C2 /* Frameworks */ = {
			isa = PBXFrameworksBuildPhase;
			buildActionMask = 2147483647;
			files = (
			);
			runOnlyForDeploymentPostprocessing = 0;
		};
		4043B72D2B76D2C800FAC0C2 /* Frameworks */ = {
			isa = PBXFrameworksBuildPhase;
			buildActionMask = 2147483647;
			files = (
			);
			runOnlyForDeploymentPostprocessing = 0;
		};
		4043B7372B76D2C800FAC0C2 /* Frameworks */ = {
			isa = PBXFrameworksBuildPhase;
			buildActionMask = 2147483647;
			files = (
			);
			runOnlyForDeploymentPostprocessing = 0;
		};
/* End PBXFrameworksBuildPhase section */

/* Begin PBXGroup section */
		4043B7112B76D2C400FAC0C2 = {
			isa = PBXGroup;
			children = (
				4043B71C2B76D2C400FAC0C2 /* Act3ios */,
				4043B7332B76D2C800FAC0C2 /* Act3iosTests */,
				4043B73D2B76D2C800FAC0C2 /* Act3iosUITests */,
				4043B71B2B76D2C400FAC0C2 /* Products */,
			);
			sourceTree = "<group>";
		};
		4043B71B2B76D2C400FAC0C2 /* Products */ = {
			isa = PBXGroup;
			children = (
				4043B71A2B76D2C400FAC0C2 /* Act3ios.app */,
				4043B7302B76D2C800FAC0C2 /* Act3iosTests.xctest */,
				4043B73A2B76D2C800FAC0C2 /* Act3iosUITests.xctest */,
			);
			name = Products;
			sourceTree = "<group>";
		};
		4043B71C2B76D2C400FAC0C2 /* Act3ios */ = {
			isa = PBXGroup;
			children = (
				4043B71D2B76D2C400FAC0C2 /* AppDelegate.swift */,
				4043B71F2B76D2C400FAC0C2 /* SceneDelegate.swift */,
				4043B7212B76D2C400FAC0C2 /* ViewController.swift */,
				4043B7232B76D2C400FAC0C2 /* Main.storyboard */,
				4043B7262B76D2C800FAC0C2 /* Assets.xcassets */,
				4043B7282B76D2C800FAC0C2 /* LaunchScreen.storyboard */,
				4043B72B2B76D2C800FAC0C2 /* Info.plist */,
			);
			path = Act3ios;
			sourceTree = "<group>";
		};
		4043B7332B76D2C800FAC0C2 /* Act3iosTests */ = {
			isa = PBXGroup;
			children = (
				4043B7342B76D2C800FAC0C2 /* Act3iosTests.swift */,
			);
			path = Act3iosTests;
			sourceTree = "<group>";
		};
		4043B73D2B76D2C800FAC0C2 /* Act3iosUITests */ = {
			isa = PBXGroup;
			children = (
				4043B73E2B76D2C800FAC0C2 /* Act3iosUITests.swift */,
				4043B7402B76D2C800FAC0C2 /* Act3iosUITestsLaunchTests.swift */,
			);
			path = Act3iosUITests;
			sourceTree = "<group>";
		};
/* End PBXGroup section */

/* Begin PBXNativeTarget section */
		4043B7192B76D2C400FAC0C2 /* Act3ios */ = {
			isa = PBXNativeTarget;
			buildConfigurationList = 4043B7442B76D2C800FAC0C2 /* Build configuration list for PBXNativeTarget "Act3ios" */;
			buildPhases = (
				4043B7162B76D2C400FAC0C2 /* Sources */,
				4043B7172B76D2C400FAC0C2 /* Frameworks */,
				4043B7182B76D2C400FAC0C2 /* Resources */,
			);
			buildRules = (
			);
			dependencies = (
			);
			name = Act3ios;
			productName = Act3ios;
			productReference = 4043B71A2B76D2C400FAC0C2 /* Act3ios.app */;
			productType = "com.apple.product-type.application";
		};
		4043B72F2B76D2C800FAC0C2 /* Act3iosTests */ = {
			isa = PBXNativeTarget;
			buildConfigurationList = 4043B7472B76D2C800FAC0C2 /* Build configuration list for PBXNativeTarget "Act3iosTests" */;
			buildPhases = (
				4043B72C2B76D2C800FAC0C2 /* Sources */,
				4043B72D2B76D2C800FAC0C2 /* Frameworks */,
				4043B72E2B76D2C800FAC0C2 /* Resources */,
			);
			buildRules = (
			);
			dependencies = (
				4043B7322B76D2C800FAC0C2 /* PBXTargetDependency */,
			);
			name = Act3iosTests;
			productName = Act3iosTests;
			productReference = 4043B7302B76D2C800FAC0C2 /* Act3iosTests.xctest */;
			productType = "com.apple.product-type.bundle.unit-test";
		};
		4043B7392B76D2C800FAC0C2 /* Act3iosUITests */ = {
			isa = PBXNativeTarget;
			buildConfigurationList = 4043B74A2B76D2C800FAC0C2 /* Build configuration list for PBXNativeTarget "Act3iosUITests" */;
			buildPhases = (
				4043B7362B76D2C800FAC0C2 /* Sources */,
				4043B7372B76D2C800FAC0C2 /* Frameworks */,
				4043B7382B76D2C800FAC0C2 /* Resources */,
			);
			buildRules = (
			);
			dependencies = (
				4043B73C2B76D2C800FAC0C2 /* PBXTargetDependency */,
			);
			name = Act3iosUITests;
			productName = Act3iosUITests;
			productReference = 4043B73A2B76D2C800FAC0C2 /* Act3iosUITests.xctest */;
			productType = "com.apple.product-type.bundle.ui-testing";
		};
/* End PBXNativeTarget section */

/* Begin PBXProject section */
		4043B7122B76D2C400FAC0C2 /* Project object */ = {
			isa = PBXProject;
			attributes = {
				BuildIndependentTargetsInParallel = 1;
				LastSwiftUpdateCheck = 1520;
				LastUpgradeCheck = 1520;
				TargetAttributes = {
					4043B7192B76D2C400FAC0C2 = {
						CreatedOnToolsVersion = 15.2;
					};
					4043B72F2B76D2C800FAC0C2 = {
						CreatedOnToolsVersion = 15.2;
						TestTargetID = 4043B7192B76D2C400FAC0C2;
					};
					4043B7392B76D2C800FAC0C2 = {
						CreatedOnToolsVersion = 15.2;
						TestTargetID = 4043B7192B76D2C400FAC0C2;
					};
				};
			};
			buildConfigurationList = 4043B7152B76D2C400FAC0C2 /* Build configuration list for PBXProject "Act3ios" */;
			compatibilityVersion = "Xcode 14.0";
			developmentRegion = en;
			hasScannedForEncodings = 0;
			knownRegions = (
				en,
				Base,
			);
			mainGroup = 4043B7112B76D2C400FAC0C2;
			productRefGroup = 4043B71B2B76D2C400FAC0C2 /* Products */;
			projectDirPath = "";
			projectRoot = "";
			targets = (
				4043B7192B76D2C400FAC0C2 /* Act3ios */,
				4043B72F2B76D2C800FAC0C2 /* Act3iosTests */,
				4043B7392B76D2C800FAC0C2 /* Act3iosUITests */,
			);
		};
/* End PBXProject section */

/* Begin PBXResourcesBuildPhase section */
		4043B7182B76D2C400FAC0C2 /* Resources */ = {
			isa = PBXResourcesBuildPhase;
			buildActionMask = 2147483647;
			files = (
				4043B72A2B76D2C800FAC0C2 /* LaunchScreen.storyboard in Resources */,
				4043B7272B76D2C800FAC0C2 /* Assets.xcassets in Resources */,
				4043B7252B76D2C400FAC0C2 /* Main.storyboard in Resources */,
			);
			runOnlyForDeploymentPostprocessing = 0;
		};
		4043B72E2B76D2C800FAC0C2 /* Resources */ = {
			isa = PBXResourcesBuildPhase;
			buildActionMask = 2147483647;
			files = (
			);
			runOnlyForDeploymentPostprocessing = 0;
		};
		4043B7382B76D2C800FAC0C2 /* Resources */ = {
			isa = PBXResourcesBuildPhase;
			buildActionMask = 2147483647;
			files = (
			);
			runOnlyForDeploymentPostprocessing = 0;
		};
/* End PBXResourcesBuildPhase section */

/* Begin PBXSourcesBuildPhase section */
		4043B7162B76D2C400FAC0C2 /* Sources */ = {
			isa = PBXSourcesBuildPhase;
			buildActionMask = 2147483647;
			files = (
				4043B7222B76D2C400FAC0C2 /* ViewController.swift in Sources */,
				4043B71E2B76D2C400FAC0C2 /* AppDelegate.swift in Sources */,
				4043B7202B76D2C400FAC0C2 /* SceneDelegate.swift in Sources */,
			);
			runOnlyForDeploymentPostprocessing = 0;
		};
		4043B72C2B76D2C800FAC0C2 /* Sources */ = {
			isa = PBXSourcesBuildPhase;
			buildActionMask = 2147483647;
			files = (
				4043B74D2B76DF1800FAC0C2 /* ViewController.swift in Sources */,
				4043B7352B76D2C800FAC0C2 /* Act3iosTests.swift in Sources */,
			);
			runOnlyForDeploymentPostprocessing = 0;
		};
		4043B7362B76D2C800FAC0C2 /* Sources */ = {
			isa = PBXSourcesBuildPhase;
			buildActionMask = 2147483647;
			files = (
				4043B74E2B76DF1800FAC0C2 /* ViewController.swift in Sources */,
				4043B73F2B76D2C800FAC0C2 /* Act3iosUITests.swift in Sources */,
				4043B7412B76D2C800FAC0C2 /* Act3iosUITestsLaunchTests.swift in Sources */,
			);
			runOnlyForDeploymentPostprocessing = 0;
		};
/* End PBXSourcesBuildPhase section */

/* Begin PBXTargetDependency section */
		4043B7322B76D2C800FAC0C2 /* PBXTargetDependency */ = {
			isa = PBXTargetDependency;
			target = 4043B7192B76D2C400FAC0C2 /* Act3ios */;
			targetProxy = 4043B7312B76D2C800FAC0C2 /* PBXContainerItemProxy */;
		};
		4043B73C2B76D2C800FAC0C2 /* PBXTargetDependency */ = {
			isa = PBXTargetDependency;
			target = 4043B7192B76D2C400FAC0C2 /* Act3ios */;
			targetProxy = 4043B73B2B76D2C800FAC0C2 /* PBXContainerItemProxy */;
		};
/* End PBXTargetDependency section */

/* Begin PBXVariantGroup section */
		4043B7232B76D2C400FAC0C2 /* Main.storyboard */ = {
			isa = PBXVariantGroup;
			children = (
				4043B7242B76D2C400FAC0C2 /* Base */,
			);
			name = Main.storyboard;
			sourceTree = "<group>";
		};
		4043B7282B76D2C800FAC0C2 /* LaunchScreen.storyboard */ = {
			isa = PBXVariantGroup;
			children = (
				4043B7292B76D2C800FAC0C2 /* Base */,
			);
			name = LaunchScreen.storyboard;
			sourceTree = "<group>";
		};
/* End PBXVariantGroup section */

/* Begin XCBuildConfiguration section */
		4043B7422B76D2C800FAC0C2 /* Debug */ = {
			isa = XCBuildConfiguration;
			buildSettings = {
				ALWAYS_SEARCH_USER_PATHS = NO;
				ASSETCATALOG_COMPILER_GENERATE_SWIFT_ASSET_SYMBOL_EXTENSIONS = YES;
				CLANG_ANALYZER_NONNULL = YES;
				CLANG_ANALYZER_NUMBER_OBJECT_CONVERSION = YES_AGGRESSIVE;
				CLANG_CXX_LANGUAGE_STANDARD = "gnu++20";
				CLANG_ENABLE_MODULES = YES;
				CLANG_ENABLE_OBJC_ARC = YES;
				CLANG_ENABLE_OBJC_WEAK = YES;
				CLANG_WARN_BLOCK_CAPTURE_AUTORELEASING = YES;
				CLANG_WARN_BOOL_CONVERSION = YES;
				CLANG_WARN_COMMA = YES;
				CLANG_WARN_CONSTANT_CONVERSION = YES;
				CLANG_WARN_DEPRECATED_OBJC_IMPLEMENTATIONS = YES;
				CLANG_WARN_DIRECT_OBJC_ISA_USAGE = YES_ERROR;
				CLANG_WARN_DOCUMENTATION_COMMENTS = YES;
				CLANG_WARN_EMPTY_BODY = YES;
				CLANG_WARN_ENUM_CONVERSION = YES;
				CLANG_WARN_INFINITE_RECURSION = YES;
				CLANG_WARN_INT_CONVERSION = YES;
				CLANG_WARN_NON_LITERAL_NULL_CONVERSION = YES;
				CLANG_WARN_OBJC_IMPLICIT_RETAIN_SELF = YES;
				CLANG_WARN_OBJC_LITERAL_CONVERSION = YES;
				CLANG_WARN_OBJC_ROOT_CLASS = YES_ERROR;
				CLANG_WARN_QUOTED_INCLUDE_IN_FRAMEWORK_HEADER = YES;
				CLANG_WARN_RANGE_LOOP_ANALYSIS = YES;
				CLANG_WARN_STRICT_PROTOTYPES = YES;
				CLANG_WARN_SUSPICIOUS_MOVE = YES;
				CLANG_WARN_UNGUARDED_AVAILABILITY = YES_AGGRESSIVE;
				CLANG_WARN_UNREACHABLE_CODE = YES;
				CLANG_WARN__DUPLICATE_METHOD_MATCH = YES;
				COPY_PHASE_STRIP = NO;
				DEBUG_INFORMATION_FORMAT = dwarf;
				ENABLE_STRICT_OBJC_MSGSEND = YES;
				ENABLE_TESTABILITY = YES;
				ENABLE_USER_SCRIPT_SANDBOXING = YES;
				GCC_C_LANGUAGE_STANDARD = gnu17;
				GCC_DYNAMIC_NO_PIC = NO;
				GCC_NO_COMMON_BLOCKS = YES;
				GCC_OPTIMIZATION_LEVEL = 0;
				GCC_PREPROCESSOR_DEFINITIONS = (
					"DEBUG=1",
					"$(inherited)",
				);
				GCC_WARN_64_TO_32_BIT_CONVERSION = YES;
				GCC_WARN_ABOUT_RETURN_TYPE = YES_ERROR;
				GCC_WARN_UNDECLARED_SELECTOR = YES;
				GCC_WARN_UNINITIALIZED_AUTOS = YES_AGGRESSIVE;
				GCC_WARN_UNUSED_FUNCTION = YES;
				GCC_WARN_UNUSED_VARIABLE = YES;
				IPHONEOS_DEPLOYMENT_TARGET = 17.2;
				LOCALIZATION_PREFERS_STRING_CATALOGS = YES;
				MTL_ENABLE_DEBUG_INFO = INCLUDE_SOURCE;
				MTL_FAST_MATH = YES;
				ONLY_ACTIVE_ARCH = YES;
				SDKROOT = iphoneos;
				SWIFT_ACTIVE_COMPILATION_CONDITIONS = "DEBUG $(inherited)";
				SWIFT_OPTIMIZATION_LEVEL = "-Onone";
			};
			name = Debug;
		};
		4043B7432B76D2C800FAC0C2 /* Release */ = {
			isa = XCBuildConfiguration;
			buildSettings = {
				ALWAYS_SEARCH_USER_PATHS = NO;
				ASSETCATALOG_COMPILER_GENERATE_SWIFT_ASSET_SYMBOL_EXTENSIONS = YES;
				CLANG_ANALYZER_NONNULL = YES;
				CLANG_ANALYZER_NUMBER_OBJECT_CONVERSION = YES_AGGRESSIVE;
				CLANG_CXX_LANGUAGE_STANDARD = "gnu++20";
				CLANG_ENABLE_MODULES = YES;
				CLANG_ENABLE_OBJC_ARC = YES;
				CLANG_ENABLE_OBJC_WEAK = YES;
				CLANG_WARN_BLOCK_CAPTURE_AUTORELEASING = YES;
				CLANG_WARN_BOOL_CONVERSION = YES;
				CLANG_WARN_COMMA = YES;
				CLANG_WARN_CONSTANT_CONVERSION = YES;
				CLANG_WARN_DEPRECATED_OBJC_IMPLEMENTATIONS = YES;
				CLANG_WARN_DIRECT_OBJC_ISA_USAGE = YES_ERROR;
				CLANG_WARN_DOCUMENTATION_COMMENTS = YES;
				CLANG_WARN_EMPTY_BODY = YES;
				CLANG_WARN_ENUM_CONVERSION = YES;
				CLANG_WARN_INFINITE_RECURSION = YES;
				CLANG_WARN_INT_CONVERSION = YES;
				CLANG_WARN_NON_LITERAL_NULL_CONVERSION = YES;
				CLANG_WARN_OBJC_IMPLICIT_RETAIN_SELF = YES;
				CLANG_WARN_OBJC_LITERAL_CONVERSION = YES;
				CLANG_WARN_OBJC_ROOT_CLASS = YES_ERROR;
				CLANG_WARN_QUOTED_INCLUDE_IN_FRAMEWORK_HEADER = YES;
				CLANG_WARN_RANGE_LOOP_ANALYSIS = YES;
				CLANG_WARN_STRICT_PROTOTYPES = YES;
				CLANG_WARN_SUSPICIOUS_MOVE = YES;
				CLANG_WARN_UNGUARDED_AVAILABILITY = YES_AGGRESSIVE;
				CLANG_WARN_UNREACHABLE_CODE = YES;
				CLANG_WARN__DUPLICATE_METHOD_MATCH = YES;
				COPY_PHASE_STRIP = NO;
				DEBUG_INFORMATION_FORMAT = "dwarf-with-dsym";
				ENABLE_NS_ASSERTIONS = NO;
				ENABLE_STRICT_OBJC_MSGSEND = YES;
				ENABLE_USER_SCRIPT_SANDBOXING = YES;
				GCC_C_LANGUAGE_STANDARD = gnu17;
				GCC_NO_COMMON_BLOCKS = YES;
				GCC_WARN_64_TO_32_BIT_CONVERSION = YES;
				GCC_WARN_ABOUT_RETURN_TYPE = YES_ERROR;
				GCC_WARN_UNDECLARED_SELECTOR = YES;
				GCC_WARN_UNINITIALIZED_AUTOS = YES_AGGRESSIVE;
				GCC_WARN_UNUSED_FUNCTION = YES;
				GCC_WARN_UNUSED_VARIABLE = YES;
				IPHONEOS_DEPLOYMENT_TARGET = 17.2;
				LOCALIZATION_PREFERS_STRING_CATALOGS = YES;
				MTL_ENABLE_DEBUG_INFO = NO;
				MTL_FAST_MATH = YES;
				SDKROOT = iphoneos;
				SWIFT_COMPILATION_MODE = wholemodule;
				VALIDATE_PRODUCT = YES;
			};
			name = Release;
		};
		4043B7452B76D2C800FAC0C2 /* Debug */ = {
			isa = XCBuildConfiguration;
			buildSettings = {
				ASSETCATALOG_COMPILER_APPICON_NAME = AppIcon;
				ASSETCATALOG_COMPILER_GLOBAL_ACCENT_COLOR_NAME = AccentColor;
				CODE_SIGN_STYLE = Automatic;
				CURRENT_PROJECT_VERSION = 1;
				DEVELOPMENT_TEAM = 2547ZDU435;
				GENERATE_INFOPLIST_FILE = YES;
				INFOPLIST_FILE = Act3ios/Info.plist;
				INFOPLIST_KEY_UIApplicationSupportsIndirectInputEvents = YES;
				INFOPLIST_KEY_UILaunchStoryboardName = LaunchScreen;
				INFOPLIST_KEY_UIMainStoryboardFile = Main;
				INFOPLIST_KEY_UISupportedInterfaceOrientations_iPad = "UIInterfaceOrientationPortrait UIInterfaceOrientationPortraitUpsideDown UIInterfaceOrientationLandscapeLeft UIInterfaceOrientationLandscapeRight";
				INFOPLIST_KEY_UISupportedInterfaceOrientations_iPhone = "UIInterfaceOrientationPortrait UIInterfaceOrientationLandscapeLeft UIInterfaceOrientationLandscapeRight";
				LD_RUNPATH_SEARCH_PATHS = (
					"$(inherited)",
					"@executable_path/Frameworks",
				);
				MARKETING_VERSION = 1.0;
				PRODUCT_BUNDLE_IDENTIFIER = Ana.Sofia.Act3ios;
				PRODUCT_NAME = "$(TARGET_NAME)";
				SWIFT_EMIT_LOC_STRINGS = YES;
				SWIFT_VERSION = 5.0;
				TARGETED_DEVICE_FAMILY = "1,2";
			};
			name = Debug;
		};
		4043B7462B76D2C800FAC0C2 /* Release */ = {
			isa = XCBuildConfiguration;
			buildSettings = {
				ASSETCATALOG_COMPILER_APPICON_NAME = AppIcon;
				ASSETCATALOG_COMPILER_GLOBAL_ACCENT_COLOR_NAME = AccentColor;
				CODE_SIGN_STYLE = Automatic;
				CURRENT_PROJECT_VERSION = 1;
				DEVELOPMENT_TEAM = 2547ZDU435;
				GENERATE_INFOPLIST_FILE = YES;
				INFOPLIST_FILE = Act3ios/Info.plist;
				INFOPLIST_KEY_UIApplicationSupportsIndirectInputEvents = YES;
				INFOPLIST_KEY_UILaunchStoryboardName = LaunchScreen;
				INFOPLIST_KEY_UIMainStoryboardFile = Main;
				INFOPLIST_KEY_UISupportedInterfaceOrientations_iPad = "UIInterfaceOrientationPortrait UIInterfaceOrientationPortraitUpsideDown UIInterfaceOrientationLandscapeLeft UIInterfaceOrientationLandscapeRight";
				INFOPLIST_KEY_UISupportedInterfaceOrientations_iPhone = "UIInterfaceOrientationPortrait UIInterfaceOrientationLandscapeLeft UIInterfaceOrientationLandscapeRight";
				LD_RUNPATH_SEARCH_PATHS = (
					"$(inherited)",
					"@executable_path/Frameworks",
				);
				MARKETING_VERSION = 1.0;
				PRODUCT_BUNDLE_IDENTIFIER = Ana.Sofia.Act3ios;
				PRODUCT_NAME = "$(TARGET_NAME)";
				SWIFT_EMIT_LOC_STRINGS = YES;
				SWIFT_VERSION = 5.0;
				TARGETED_DEVICE_FAMILY = "1,2";
			};
			name = Release;
		};
		4043B7482B76D2C800FAC0C2 /* Debug */ = {
			isa = XCBuildConfiguration;
			buildSettings = {
				ALWAYS_EMBED_SWIFT_STANDARD_LIBRARIES = YES;
				BUNDLE_LOADER = "$(TEST_HOST)";
				CODE_SIGN_STYLE = Automatic;
				CURRENT_PROJECT_VERSION = 1;
				DEVELOPMENT_TEAM = 2547ZDU435;
				GENERATE_INFOPLIST_FILE = YES;
				IPHONEOS_DEPLOYMENT_TARGET = 17.2;
				MARKETING_VERSION = 1.0;
				PRODUCT_BUNDLE_IDENTIFIER = Ana.Sofia.Act3iosTests;
				PRODUCT_NAME = "$(TARGET_NAME)";
				SWIFT_EMIT_LOC_STRINGS = NO;
				SWIFT_VERSION = 5.0;
				TARGETED_DEVICE_FAMILY = "1,2";
				TEST_HOST = "$(BUILT_PRODUCTS_DIR)/Act3ios.app/$(BUNDLE_EXECUTABLE_FOLDER_PATH)/Act3ios";
			};
			name = Debug;
		};
		4043B7492B76D2C800FAC0C2 /* Release */ = {
			isa = XCBuildConfiguration;
			buildSettings = {
				ALWAYS_EMBED_SWIFT_STANDARD_LIBRARIES = YES;
				BUNDLE_LOADER = "$(TEST_HOST)";
				CODE_SIGN_STYLE = Automatic;
				CURRENT_PROJECT_VERSION = 1;
				DEVELOPMENT_TEAM = 2547ZDU435;
				GENERATE_INFOPLIST_FILE = YES;
				IPHONEOS_DEPLOYMENT_TARGET = 17.2;
				MARKETING_VERSION = 1.0;
				PRODUCT_BUNDLE_IDENTIFIER = Ana.Sofia.Act3iosTests;
				PRODUCT_NAME = "$(TARGET_NAME)";
				SWIFT_EMIT_LOC_STRINGS = NO;
				SWIFT_VERSION = 5.0;
				TARGETED_DEVICE_FAMILY = "1,2";
				TEST_HOST = "$(BUILT_PRODUCTS_DIR)/Act3ios.app/$(BUNDLE_EXECUTABLE_FOLDER_PATH)/Act3ios";
			};
			name = Release;
		};
		4043B74B2B76D2C800FAC0C2 /* Debug */ = {
			isa = XCBuildConfiguration;
			buildSettings = {
				ALWAYS_EMBED_SWIFT_STANDARD_LIBRARIES = YES;
				CODE_SIGN_STYLE = Automatic;
				CURRENT_PROJECT_VERSION = 1;
				DEVELOPMENT_TEAM = 2547ZDU435;
				GENERATE_INFOPLIST_FILE = YES;
				MARKETING_VERSION = 1.0;
				PRODUCT_BUNDLE_IDENTIFIER = Ana.Sofia.Act3iosUITests;
				PRODUCT_NAME = "$(TARGET_NAME)";
				SWIFT_EMIT_LOC_STRINGS = NO;
				SWIFT_VERSION = 5.0;
				TARGETED_DEVICE_FAMILY = "1,2";
				TEST_TARGET_NAME = Act3ios;
			};
			name = Debug;
		};
		4043B74C2B76D2C800FAC0C2 /* Release */ = {
			isa = XCBuildConfiguration;
			buildSettings = {
				ALWAYS_EMBED_SWIFT_STANDARD_LIBRARIES = YES;
				CODE_SIGN_STYLE = Automatic;
				CURRENT_PROJECT_VERSION = 1;
				DEVELOPMENT_TEAM = 2547ZDU435;
				GENERATE_INFOPLIST_FILE = YES;
				MARKETING_VERSION = 1.0;
				PRODUCT_BUNDLE_IDENTIFIER = Ana.Sofia.Act3iosUITests;
				PRODUCT_NAME = "$(TARGET_NAME)";
				SWIFT_EMIT_LOC_STRINGS = NO;
				SWIFT_VERSION = 5.0;
				TARGETED_DEVICE_FAMILY = "1,2";
				TEST_TARGET_NAME = Act3ios;
			};
			name = Release;
		};
/* End XCBuildConfiguration section */

/* Begin XCConfigurationList section */
		4043B7152B76D2C400FAC0C2 /* Build configuration list for PBXProject "Act3ios" */ = {
			isa = XCConfigurationList;
			buildConfigurations = (
				4043B7422B76D2C800FAC0C2 /* Debug */,
				4043B7432B76D2C800FAC0C2 /* Release */,
			);
			defaultConfigurationIsVisible = 0;
			defaultConfigurationName = Release;
		};
		4043B7442B76D2C800FAC0C2 /* Build configuration list for PBXNativeTarget "Act3ios" */ = {
			isa = XCConfigurationList;
			buildConfigurations = (
				4043B7452B76D2C800FAC0C2 /* Debug */,
				4043B7462B76D2C800FAC0C2 /* Release */,
			);
			defaultConfigurationIsVisible = 0;
			defaultConfigurationName = Release;
		};
		4043B7472B76D2C800FAC0C2 /* Build configuration list for PBXNativeTarget "Act3iosTests" */ = {
			isa = XCConfigurationList;
			buildConfigurations = (
				4043B7482B76D2C800FAC0C2 /* Debug */,
				4043B7492B76D2C800FAC0C2 /* Release */,
			);
			defaultConfigurationIsVisible = 0;
			defaultConfigurationName = Release;
		};
		4043B74A2B76D2C800FAC0C2 /* Build configuration list for PBXNativeTarget "Act3iosUITests" */ = {
			isa = XCConfigurationList;
			buildConfigurations = (
				4043B74B2B76D2C800FAC0C2 /* Debug */,
				4043B74C2B76D2C800FAC0C2 /* Release */,
			);
			defaultConfigurationIsVisible = 0;
			defaultConfigurationName = Release;
		};
/* End XCConfigurationList section */
	};
	rootObject = 4043B7122B76D2C400FAC0C2 /* Project object */;
}
